
Microsoft Visual Studio Solution File, Format Version 12.00
Project("{2150E333-8FDC-42A3-9474-1A3956D46DE8}") = "src", "src", "{156155FE-A734-4AFE-8CDD-4E46D241688F}"
EndProject
Project("{2150E333-8FDC-42A3-9474-1A3956D46DE8}") = "Building Blocks", "Building Blocks", "{B4901909-15A7-4193-B042-CD56C0C552D3}"
EndProject
Project("{2150E333-8FDC-42A3-9474-1A3956D46DE8}") = "Services", "Services", "{3A220BE8-D74C-4195-9E9B-71112FC447D9}"
EndProject
Project("{2150E333-8FDC-42A3-9474-1A3956D46DE8}") = "Web", "Web", "{52A81AEC-68A0-42CD-8E84-6BD7C93A1E90}"
EndProject
Project("{2150E333-8FDC-42A3-9474-1A3956D46DE8}") = "Identidade", "Identidade", "{A583CC87-CBEA-4B1F-8232-AF5DFAD64602}"
EndProject
Project("{FAE04EC0-301F-11D3-BF4B-00C04F79EFBC}") = "NSE.Identidade.Api", "src\services\NSE.Identidade.Api\NSE.Identidade.Api.csproj", "{FF8B23AB-F424-4323-AFA5-9A63E50D5932}"
EndProject
Project("{2150E333-8FDC-42A3-9474-1A3956D46DE8}") = "MVC", "MVC", "{3F715E12-D5DD-4DD2-9490-D25E359FAD83}"
EndProject
Project("{FAE04EC0-301F-11D3-BF4B-00C04F79EFBC}") = "NSE.WebApp.MVC", "src\web\NSE.WebApp.MVC\NSE.WebApp.MVC.csproj", "{9DA116F6-2846-47CC-90CC-31ABCBCF0B06}"
EndProject
Project("{2150E333-8FDC-42A3-9474-1A3956D46DE8}") = "Core", "Core", "{41D175BD-EC95-4C78-A187-63D843850F89}"
EndProject
Project("{FAE04EC0-301F-11D3-BF4B-00C04F79EFBC}") = "NSE.Core", "src\building blocks\NSE.Core\NSE.Core.csproj", "{B51601C3-66AE-4D0B-A131-F7E576A0331D}"
EndProject
Project("{2150E333-8FDC-42A3-9474-1A3956D46DE8}") = "Pagamento", "Pagamento", "{1226B705-962B-450E-82C6-351EC1AF3F9E}"
EndProject
Project("{2150E333-8FDC-42A3-9474-1A3956D46DE8}") = "Carrinho", "Carrinho", "{5FB4B185-649F-41DB-B73D-28E76B3AEB12}"
EndProject
Project("{2150E333-8FDC-42A3-9474-1A3956D46DE8}") = "Catalogo", "Catalogo", "{095B014F-E86C-425A-9EF3-1F59F29744B8}"
EndProject
Project("{2150E333-8FDC-42A3-9474-1A3956D46DE8}") = "Cliente", "Cliente", "{D06F4D83-33F6-4F25-9383-9F72A2F11388}"
EndProject
Project("{2150E333-8FDC-42A3-9474-1A3956D46DE8}") = "Pedido", "Pedido", "{AD246BE6-395A-4A16-8B86-DBF3056D91AA}"
EndProject
Project("{FAE04EC0-301F-11D3-BF4B-00C04F79EFBC}") = "NSE.Carrinho", "src\NSE.Carrinho\NSE.Carrinho.csproj", "{A9AB5898-761B-4BB1-8650-A03138ECC79E}"
EndProject
Project("{FAE04EC0-301F-11D3-BF4B-00C04F79EFBC}") = "NSE.Catalogo", "src\NSE.Catalogo\NSE.Catalogo.csproj", "{B815431D-71B5-4981-A580-FAC88A3A400F}"
EndProject
Project("{FAE04EC0-301F-11D3-BF4B-00C04F79EFBC}") = "NSE.Cliente", "src\NSE.Cliente\NSE.Cliente.csproj", "{A7F0512B-0F6D-47FF-9A03-E5AA63E09786}"
EndProject
Project("{FAE04EC0-301F-11D3-BF4B-00C04F79EFBC}") = "NSE.Pagamento", "src\NSE.Pagamento\NSE.Pagamento.csproj", "{B1968F39-69EB-4463-B0C6-E4B7C23C9182}"
EndProject
Project("{FAE04EC0-301F-11D3-BF4B-00C04F79EFBC}") = "NSE.Pedido", "src\NSE.Pedido\NSE.Pedido.csproj", "{9BF614B2-B9BD-4213-8F09-E1F1DB1BABF6}"
EndProject
Global
	GlobalSection(SolutionConfigurationPlatforms) = preSolution
		Debug|Any CPU = Debug|Any CPU
		Release|Any CPU = Release|Any CPU
	EndGlobalSection
	GlobalSection(NestedProjects) = preSolution
		{B4901909-15A7-4193-B042-CD56C0C552D3} = {156155FE-A734-4AFE-8CDD-4E46D241688F}
		{3A220BE8-D74C-4195-9E9B-71112FC447D9} = {156155FE-A734-4AFE-8CDD-4E46D241688F}
		{52A81AEC-68A0-42CD-8E84-6BD7C93A1E90} = {156155FE-A734-4AFE-8CDD-4E46D241688F}
		{A583CC87-CBEA-4B1F-8232-AF5DFAD64602} = {3A220BE8-D74C-4195-9E9B-71112FC447D9}
		{FF8B23AB-F424-4323-AFA5-9A63E50D5932} = {A583CC87-CBEA-4B1F-8232-AF5DFAD64602}
		{3F715E12-D5DD-4DD2-9490-D25E359FAD83} = {52A81AEC-68A0-42CD-8E84-6BD7C93A1E90}
		{9DA116F6-2846-47CC-90CC-31ABCBCF0B06} = {3F715E12-D5DD-4DD2-9490-D25E359FAD83}
		{41D175BD-EC95-4C78-A187-63D843850F89} = {B4901909-15A7-4193-B042-CD56C0C552D3}
		{B51601C3-66AE-4D0B-A131-F7E576A0331D} = {41D175BD-EC95-4C78-A187-63D843850F89}
		{1226B705-962B-450E-82C6-351EC1AF3F9E} = {3A220BE8-D74C-4195-9E9B-71112FC447D9}
		{5FB4B185-649F-41DB-B73D-28E76B3AEB12} = {3A220BE8-D74C-4195-9E9B-71112FC447D9}
		{095B014F-E86C-425A-9EF3-1F59F29744B8} = {3A220BE8-D74C-4195-9E9B-71112FC447D9}
		{D06F4D83-33F6-4F25-9383-9F72A2F11388} = {3A220BE8-D74C-4195-9E9B-71112FC447D9}
		{AD246BE6-395A-4A16-8B86-DBF3056D91AA} = {3A220BE8-D74C-4195-9E9B-71112FC447D9}
		{A9AB5898-761B-4BB1-8650-A03138ECC79E} = {5FB4B185-649F-41DB-B73D-28E76B3AEB12}
		{B815431D-71B5-4981-A580-FAC88A3A400F} = {095B014F-E86C-425A-9EF3-1F59F29744B8}
		{A7F0512B-0F6D-47FF-9A03-E5AA63E09786} = {D06F4D83-33F6-4F25-9383-9F72A2F11388}
		{B1968F39-69EB-4463-B0C6-E4B7C23C9182} = {1226B705-962B-450E-82C6-351EC1AF3F9E}
		{9BF614B2-B9BD-4213-8F09-E1F1DB1BABF6} = {AD246BE6-395A-4A16-8B86-DBF3056D91AA}
	EndGlobalSection
	GlobalSection(ProjectConfigurationPlatforms) = postSolution
		{FF8B23AB-F424-4323-AFA5-9A63E50D5932}.Debug|Any CPU.ActiveCfg = Debug|Any CPU
		{FF8B23AB-F424-4323-AFA5-9A63E50D5932}.Debug|Any CPU.Build.0 = Debug|Any CPU
		{FF8B23AB-F424-4323-AFA5-9A63E50D5932}.Release|Any CPU.ActiveCfg = Release|Any CPU
		{FF8B23AB-F424-4323-AFA5-9A63E50D5932}.Release|Any CPU.Build.0 = Release|Any CPU
		{9DA116F6-2846-47CC-90CC-31ABCBCF0B06}.Debug|Any CPU.ActiveCfg = Debug|Any CPU
		{9DA116F6-2846-47CC-90CC-31ABCBCF0B06}.Debug|Any CPU.Build.0 = Debug|Any CPU
		{9DA116F6-2846-47CC-90CC-31ABCBCF0B06}.Release|Any CPU.ActiveCfg = Release|Any CPU
		{9DA116F6-2846-47CC-90CC-31ABCBCF0B06}.Release|Any CPU.Build.0 = Release|Any CPU
		{B51601C3-66AE-4D0B-A131-F7E576A0331D}.Debug|Any CPU.ActiveCfg = Debug|Any CPU
		{B51601C3-66AE-4D0B-A131-F7E576A0331D}.Debug|Any CPU.Build.0 = Debug|Any CPU
		{B51601C3-66AE-4D0B-A131-F7E576A0331D}.Release|Any CPU.ActiveCfg = Release|Any CPU
		{B51601C3-66AE-4D0B-A131-F7E576A0331D}.Release|Any CPU.Build.0 = Release|Any CPU
		{A9AB5898-761B-4BB1-8650-A03138ECC79E}.Debug|Any CPU.ActiveCfg = Debug|Any CPU
		{A9AB5898-761B-4BB1-8650-A03138ECC79E}.Debug|Any CPU.Build.0 = Debug|Any CPU
		{A9AB5898-761B-4BB1-8650-A03138ECC79E}.Release|Any CPU.ActiveCfg = Release|Any CPU
		{A9AB5898-761B-4BB1-8650-A03138ECC79E}.Release|Any CPU.Build.0 = Release|Any CPU
		{B815431D-71B5-4981-A580-FAC88A3A400F}.Debug|Any CPU.ActiveCfg = Debug|Any CPU
		{B815431D-71B5-4981-A580-FAC88A3A400F}.Debug|Any CPU.Build.0 = Debug|Any CPU
		{B815431D-71B5-4981-A580-FAC88A3A400F}.Release|Any CPU.ActiveCfg = Release|Any CPU
		{B815431D-71B5-4981-A580-FAC88A3A400F}.Release|Any CPU.Build.0 = Release|Any CPU
		{A7F0512B-0F6D-47FF-9A03-E5AA63E09786}.Debug|Any CPU.ActiveCfg = Debug|Any CPU
		{A7F0512B-0F6D-47FF-9A03-E5AA63E09786}.Debug|Any CPU.Build.0 = Debug|Any CPU
		{A7F0512B-0F6D-47FF-9A03-E5AA63E09786}.Release|Any CPU.ActiveCfg = Release|Any CPU
		{A7F0512B-0F6D-47FF-9A03-E5AA63E09786}.Release|Any CPU.Build.0 = Release|Any CPU
		{B1968F39-69EB-4463-B0C6-E4B7C23C9182}.Debug|Any CPU.ActiveCfg = Debug|Any CPU
		{B1968F39-69EB-4463-B0C6-E4B7C23C9182}.Debug|Any CPU.Build.0 = Debug|Any CPU
		{B1968F39-69EB-4463-B0C6-E4B7C23C9182}.Release|Any CPU.ActiveCfg = Release|Any CPU
		{B1968F39-69EB-4463-B0C6-E4B7C23C9182}.Release|Any CPU.Build.0 = Release|Any CPU
		{9BF614B2-B9BD-4213-8F09-E1F1DB1BABF6}.Debug|Any CPU.ActiveCfg = Debug|Any CPU
		{9BF614B2-B9BD-4213-8F09-E1F1DB1BABF6}.Debug|Any CPU.Build.0 = Debug|Any CPU
		{9BF614B2-B9BD-4213-8F09-E1F1DB1BABF6}.Release|Any CPU.ActiveCfg = Release|Any CPU
		{9BF614B2-B9BD-4213-8F09-E1F1DB1BABF6}.Release|Any CPU.Build.0 = Release|Any CPU
	EndGlobalSection
EndGlobal
